
Microsoft Visual Studio Solution File, Format Version 12.00
# Visual Studio Version 17
VisualStudioVersion = 17.7.34009.444
MinimumVisualStudioVersion = 10.0.40219.1
Project("{FAE04EC0-301F-11D3-BF4B-00C04F79EFBC}") = "BlocDeNotasCastilloCorpusYCastilloPardo", "BlocDeNotasCastilloCorpusYCastilloPardo\BlocDeNotasCastilloCorpusYCastilloPardo.csproj", "{397CBDDD-72D8-442B-A112-C7E8DBA2431D}"
EndProject
Global
	GlobalSection(SolutionConfigurationPlatforms) = preSolution
		Debug|Any CPU = Debug|Any CPU
		Release|Any CPU = Release|Any CPU
	EndGlobalSection
	GlobalSection(ProjectConfigurationPlatforms) = postSolution
		{397CBDDD-72D8-442B-A112-C7E8DBA2431D}.Debug|Any CPU.ActiveCfg = Debug|Any CPU
		{397CBDDD-72D8-442B-A112-C7E8DBA2431D}.Debug|Any CPU.Build.0 = Debug|Any CPU
		{397CBDDD-72D8-442B-A112-C7E8DBA2431D}.Release|Any CPU.ActiveCfg = Release|Any CPU
		{397CBDDD-72D8-442B-A112-C7E8DBA2431D}.Release|Any CPU.Build.0 = Release|Any CPU
	EndGlobalSection
	GlobalSection(SolutionProperties) = preSolution
		HideSolutionNode = FALSE
	EndGlobalSection
	GlobalSection(ExtensibilityGlobals) = postSolution
		SolutionGuid = {B4E1D338-907E-4B33-8681-8D13A0CAEC16}
	EndGlobalSection
EndGlobal
